
Microsoft Visual Studio Solution File, Format Version 12.00
# Visual Studio Version 16
VisualStudioVersion = 16.0.31702.278
MinimumVisualStudioVersion = 10.0.40219.1
Project("{FAE04EC0-301F-11D3-BF4B-00C04F79EFBC}") = "1238", "1238\1238.csproj", "{7CE278BF-6A88-4D21-B961-F08703566BC8}"
EndProject
Global
	GlobalSection(SolutionConfigurationPlatforms) = preSolution
		Debug|Any CPU = Debug|Any CPU
		Release|Any CPU = Release|Any CPU
	EndGlobalSection
	GlobalSection(ProjectConfigurationPlatforms) = postSolution
		{7CE278BF-6A88-4D21-B961-F08703566BC8}.Debug|Any CPU.ActiveCfg = Debug|Any CPU
		{7CE278BF-6A88-4D21-B961-F08703566BC8}.Debug|Any CPU.Build.0 = Debug|Any CPU
		{7CE278BF-6A88-4D21-B961-F08703566BC8}.Release|Any CPU.ActiveCfg = Release|Any CPU
		{7CE278BF-6A88-4D21-B961-F08703566BC8}.Release|Any CPU.Build.0 = Release|Any CPU
	EndGlobalSection
	GlobalSection(SolutionProperties) = preSolution
		HideSolutionNode = FALSE
	EndGlobalSection
	GlobalSection(ExtensibilityGlobals) = postSolution
		SolutionGuid = {A1729761-26CE-43C0-BA85-B5DB6D18C3D7}
	EndGlobalSection
EndGlobal
