
Microsoft Visual Studio Solution File, Format Version 12.00
# Visual Studio Version 16
VisualStudioVersion = 16.0.31515.178
MinimumVisualStudioVersion = 10.0.40219.1
Project("{FAE04EC0-301F-11D3-BF4B-00C04F79EFBC}") = "1837", "1837\1837.csproj", "{503837A1-E4D4-4342-AE00-C73628857EEF}"
EndProject
Global
	GlobalSection(SolutionConfigurationPlatforms) = preSolution
		Debug|Any CPU = Debug|Any CPU
		Release|Any CPU = Release|Any CPU
	EndGlobalSection
	GlobalSection(ProjectConfigurationPlatforms) = postSolution
		{503837A1-E4D4-4342-AE00-C73628857EEF}.Debug|Any CPU.ActiveCfg = Debug|Any CPU
		{503837A1-E4D4-4342-AE00-C73628857EEF}.Debug|Any CPU.Build.0 = Debug|Any CPU
		{503837A1-E4D4-4342-AE00-C73628857EEF}.Release|Any CPU.ActiveCfg = Release|Any CPU
		{503837A1-E4D4-4342-AE00-C73628857EEF}.Release|Any CPU.Build.0 = Release|Any CPU
	EndGlobalSection
	GlobalSection(SolutionProperties) = preSolution
		HideSolutionNode = FALSE
	EndGlobalSection
	GlobalSection(ExtensibilityGlobals) = postSolution
		SolutionGuid = {191F3596-81D5-4051-A72A-E5F215BBA8BC}
	EndGlobalSection
EndGlobal
